
Microsoft Visual Studio Solution File, Format Version 12.00
# Visual Studio 15
VisualStudioVersion = 15.0.27004.2005
MinimumVisualStudioVersion = 10.0.40219.1
Project("{FAE04EC0-301F-11D3-BF4B-00C04F79EFBC}") = "MyFirstUnitTests", "MyFirstUnitTests\MyFirstUnitTests.csproj", "{7CFA28E5-1F73-43EE-BC7C-18C1793D8ADD}"
EndProject
Global
	GlobalSection(SolutionConfigurationPlatforms) = preSolution
		Debug|Any CPU = Debug|Any CPU
		Release|Any CPU = Release|Any CPU
		Debug|x86 = Debug|x86
		Release|x86 = Release|x86
	EndGlobalSection
	GlobalSection(ProjectConfigurationPlatforms) = postSolution
		{7CFA28E5-1F73-43EE-BC7C-18C1793D8ADD}.Debug|Any CPU.ActiveCfg = Debug|Any CPU
		{7CFA28E5-1F73-43EE-BC7C-18C1793D8ADD}.Debug|Any CPU.Build.0 = Debug|Any CPU
		{7CFA28E5-1F73-43EE-BC7C-18C1793D8ADD}.Debug|x86.Build.0 = Debug|x86
		{7CFA28E5-1F73-43EE-BC7C-18C1793D8ADD}.Debug|x86.CPU.Build.0 = Debug|x86
		{7CFA28E5-1F73-43EE-BC7C-18C1793D8ADD}.Release|Any CPU.ActiveCfg = Release|Any CPU
		{7CFA28E5-1F73-43EE-BC7C-18C1793D8ADD}.Release|Any CPU.Build.0 = Release|Any CPU
		{7CFA28E5-1F73-43EE-BC7C-18C1793D8ADD}.Release|x86.ActiveCfg = Release|x86
		{7CFA28E5-1F73-43EE-BC7C-18C1793D8ADD}.Release|x86.Build.0 = Release|x86
	EndGlobalSection
	GlobalSection(SolutionProperties) = preSolution
		HideSolutionNode = FALSE
	EndGlobalSection
	GlobalSection(ExtensibilityGlobals) = postSolution
		SolutionGuid = {C39FA938-47C4-496F-9298-27783F9B122A}
	EndGlobalSection
EndGlobal
